<?xml version="1.0" encoding="utf-8"?>
<Project ToolsVersion="4.0" xmlns="http://schemas.microsoft.com/developer/msbuild/2003">
  <ItemGroup>
    <Filter Include="Header Files">
      <UniqueIdentifier>{93995380-89BD-4b04-88EB-625FBE52EBFB}</UniqueIdentifier>
      <Extensions>h;hh;hpp;hxx;h++;hm;inl;inc;ipp;xsd</Extensions>
    </Filter>
    <Filter Include="Public">
      <UniqueIdentifier>{947cf25e-0719-455e-b4ba-d699c480fa42}</UniqueIdentifier>
    </Filter>
    <Filter Include="Private">
      <UniqueIdentifier>{4b1098ca-de2a-4e25-8b45-69d3920df625}</UniqueIdentifier>
    </Filter>
    <Filter Include="Private\Game">
      <UniqueIdentifier>{7f69c3f5-0e5e-4e28-8a50-d872d1623874}</UniqueIdentifier>
    </Filter>
    <Filter Include="Public\Game">
      <UniqueIdentifier>{3cdf63b4-21a6-44dd-9a02-81d9265fe1e0}</UniqueIdentifier>
    </Filter>
  </ItemGroup>
  <ItemGroup>
    <ClCompile Include="stdafx.cpp">
      <Filter>Private</Filter>
    </ClCompile>
    <ClCompile Include="Main.cpp">
      <Filter>Private</Filter>
    </ClCompile>
    <ClCompile Include="Private\Game\EventManager.cpp">
      <Filter>Private\Game</Filter>
    </ClCompile>
    <ClCompile Include="Private\Game\Game.cpp">
      <Filter>Private\Game</Filter>
    </ClCompile>
    <ClCompile Include="Private\Game\Player.cpp">
      <Filter>Private\Game</Filter>
    </ClCompile>
    <ClCompile Include="Private\Game\Window.cpp">
      <Filter>Private\Game</Filter>
    </ClCompile>
  </ItemGroup>
  <ItemGroup>
    <ClInclude Include="stdafx.h">
      <Filter>Public</Filter>
    </ClInclude>
    <ClInclude Include="Public\Game\EventManager.h">
      <Filter>Public\Game</Filter>
    </ClInclude>
    <ClInclude Include="Public\Game\Game.h">
      <Filter>Public\Game</Filter>
    </ClInclude>
    <ClInclude Include="Public\Game\Player.h">
      <Filter>Public\Game</Filter>
    </ClInclude>
    <ClInclude Include="Public\Game\Window.h">
      <Filter>Public\Game</Filter>
    </ClInclude>
  </ItemGroup>
  <ItemGroup>
    <None Include="Public\Game\EventManager.inl">
      <Filter>Public\Game</Filter>
    </None>
  </ItemGroup>
</Project>