<?xml version="1.0" encoding="utf-8"?>
<Project ToolsVersion="4.0" xmlns="http://schemas.microsoft.com/developer/msbuild/2003">
  <ItemGroup>
    <Filter Include="Header Files">
      <UniqueIdentifier>{93995380-89BD-4b04-88EB-625FBE52EBFB}</UniqueIdentifier>
      <Extensions>h;hh;hpp;hxx;h++;hm;inl;inc;ipp;xsd</Extensions>
    </Filter>
    <Filter Include="Public">
      <UniqueIdentifier>{947cf25e-0719-455e-b4ba-d699c480fa42}</UniqueIdentifier>
    </Filter>
    <Filter Include="Private">
      <UniqueIdentifier>{4b1098ca-de2a-4e25-8b45-69d3920df625}</UniqueIdentifier>
    </Filter>
  </ItemGroup>
  <ItemGroup>
    <ClCompile Include="stdafx.cpp">
      <Filter>Private</Filter>
    </ClCompile>
    <ClCompile Include="Main.cpp">
      <Filter>Private</Filter>
    </ClCompile>
    <ClCompile Include="Private\EventManager.cpp">
      <Filter>Private</Filter>
    </ClCompile>
    <ClCompile Include="Private\Application.cpp">
      <Filter>Private</Filter>
    </ClCompile>
    <ClCompile Include="Private\Window.cpp">
      <Filter>Private</Filter>
    </ClCompile>
    <ClCompile Include="Private\Game\Customlogic.cpp">
      <Filter>Private</Filter>
    </ClCompile>
  </ItemGroup>
  <ItemGroup>
    <ClInclude Include="stdafx.h">
      <Filter>Public</Filter>
    </ClInclude>
    <ClInclude Include="Public\Application.h">
      <Filter>Public</Filter>
    </ClInclude>
    <ClInclude Include="Public\EventManager.h">
      <Filter>Public</Filter>
    </ClInclude>
    <ClInclude Include="Public\Window.h">
      <Filter>Public</Filter>
    </ClInclude>
    <ClInclude Include="Public\Game\CustomLogic.h">
      <Filter>Public</Filter>
    </ClInclude>
  </ItemGroup>
</Project>